
Microsoft Visual Studio Solution File, Format Version 12.00
# Visual Studio Version 17
VisualStudioVersion = 17.9.34723.18
MinimumVisualStudioVersion = 10.0.40219.1
Project("{FAE04EC0-301F-11D3-BF4B-00C04F79EFBC}") = "Vehicles Explode When Flipped", "Vehicles Explode When Flipped\Vehicles Explode When Flipped.csproj", "{09D77B03-40CC-4FAE-8E05-36CFFF300EBB}"
EndProject
Global
	GlobalSection(SolutionConfigurationPlatforms) = preSolution
		Debug|Any CPU = Debug|Any CPU
		Release|Any CPU = Release|Any CPU
	EndGlobalSection
	GlobalSection(ProjectConfigurationPlatforms) = postSolution
		{09D77B03-40CC-4FAE-8E05-36CFFF300EBB}.Debug|Any CPU.ActiveCfg = Debug|Any CPU
		{09D77B03-40CC-4FAE-8E05-36CFFF300EBB}.Debug|Any CPU.Build.0 = Debug|Any CPU
		{09D77B03-40CC-4FAE-8E05-36CFFF300EBB}.Release|Any CPU.ActiveCfg = Release|Any CPU
		{09D77B03-40CC-4FAE-8E05-36CFFF300EBB}.Release|Any CPU.Build.0 = Release|Any CPU
	EndGlobalSection
	GlobalSection(SolutionProperties) = preSolution
		HideSolutionNode = FALSE
	EndGlobalSection
	GlobalSection(ExtensibilityGlobals) = postSolution
		SolutionGuid = {8547BCE4-81ED-4B19-AB3B-1187DF7A7008}
	EndGlobalSection
EndGlobal
